PODS:
  - TwitterCore (3.2.0)
  - TwitterKit5 (5.2.0):
    - TwitterCore (>= 3.1.0)

DEPENDENCIES:
  - TwitterKit5

SPEC REPOS:
  trunk:
    - TwitterCore
    - TwitterKit5

SPEC CHECKSUMS:
  TwitterCore: 8cbc9ad34d91c63a0035ea05bfbfc0d7ca72a28c
  TwitterKit5: 64095dfefcf39be2355711ef27112d55e340d90e

PODFILE CHECKSUM: 987e1154b15525a177d862818daf7ed3a5efa59a

COCOAPODS: 1.9.1
