// !$*UTF8*$!
{
	archiveVersion = 1;
	classes = {
	};
	objectVersion = 51;
	objects = {

/* Begin PBXBuildFile section */
		0E8BC1021B2DA91B457B5AD9 /* Pods_TwitterVideoDownloader.framework in Frameworks */ = {isa = PBXBuildFile; fileRef = 0AB38151A1B87420DA136873 /* Pods_TwitterVideoDownloader.framework */; };
		4E1E6A4023DF24580018E8BD /* UIViewController+ActivityIndicator.swift in Sources */ = {isa = PBXBuildFile; fileRef = 4E1E6A3F23DF24580018E8BD /* UIViewController+ActivityIndicator.swift */; };
		4E25B15523E08A070043DAEB /* MediaProvider.swift in Sources */ = {isa = PBXBuildFile; fileRef = 4E25B15423E08A070043DAEB /* MediaProvider.swift */; };
		4E5BC4EB23C932D5006671E9 /* TweetViewModel.swift in Sources */ = {isa = PBXBuildFile; fileRef = 4E5BC4EA23C932D5006671E9 /* TweetViewModel.swift */; };
		4E5CE41923C9E3E800A964C0 /* UIImageView+URL.swift in Sources */ = {isa = PBXBuildFile; fileRef = 4E5CE41823C9E3E800A964C0 /* UIImageView+URL.swift */; };
		4E5CE41B23C9F21C00A964C0 /* UIImage+Circular.swift in Sources */ = {isa = PBXBuildFile; fileRef = 4E5CE41A23C9F21C00A964C0 /* UIImage+Circular.swift */; };
		4E5CE41E23CA449A00A964C0 /* DateConverter.swift in Sources */ = {isa = PBXBuildFile; fileRef = 4E5CE41D23CA449A00A964C0 /* DateConverter.swift */; };
		4E5CE42123CA601500A964C0 /* TweetMediaTableViewCell.swift in Sources */ = {isa = PBXBuildFile; fileRef = 4E5CE42023CA601500A964C0 /* TweetMediaTableViewCell.swift */; };
		4E5CE42323CBA42900A964C0 /* String+ExtractTweetID.swift in Sources */ = {isa = PBXBuildFile; fileRef = 4E5CE42223CBA42900A964C0 /* String+ExtractTweetID.swift */; };
		D6F04E21E4C356FDBEF9712F /* Pods_TwitterVideoDownloaderUITests.framework in Frameworks */ = {isa = PBXBuildFile; fileRef = 948035061EC62F9B44E2B966 /* Pods_TwitterVideoDownloaderUITests.framework */; };
		EBF2E6A78013F167243AAAE6 /* Pods_TwitterVideoDownloaderTests.framework in Frameworks */ = {isa = PBXBuildFile; fileRef = 92695C1B703DA8762B613074 /* Pods_TwitterVideoDownloaderTests.framework */; };
		F08364CD23C4EA0A009C74A1 /* AppDelegate.swift in Sources */ = {isa = PBXBuildFile; fileRef = F08364CC23C4EA0A009C74A1 /* AppDelegate.swift */; };
		F08364CF23C4EA0A009C74A1 /* SceneDelegate.swift in Sources */ = {isa = PBXBuildFile; fileRef = F08364CE23C4EA0A009C74A1 /* SceneDelegate.swift */; };
		F08364D423C4EA0A009C74A1 /* Main.storyboard in Resources */ = {isa = PBXBuildFile; fileRef = F08364D223C4EA0A009C74A1 /* Main.storyboard */; };
		F08364D623C4EA14009C74A1 /* Assets.xcassets in Resources */ = {isa = PBXBuildFile; fileRef = F08364D523C4EA14009C74A1 /* Assets.xcassets */; };
		F08364D923C4EA14009C74A1 /* LaunchScreen.storyboard in Resources */ = {isa = PBXBuildFile; fileRef = F08364D723C4EA14009C74A1 /* LaunchScreen.storyboard */; };
		F08364E423C4EA14009C74A1 /* TwitterVideoDownloaderTests.swift in Sources */ = {isa = PBXBuildFile; fileRef = F08364E323C4EA14009C74A1 /* TwitterVideoDownloaderTests.swift */; };
		F08364EF23C4EA15009C74A1 /* TwitterVideoDownloaderUITests.swift in Sources */ = {isa = PBXBuildFile; fileRef = F08364EE23C4EA15009C74A1 /* TwitterVideoDownloaderUITests.swift */; };
		F08364FD23C4F62F009C74A1 /* MainViewController.swift in Sources */ = {isa = PBXBuildFile; fileRef = F08364FC23C4F62F009C74A1 /* MainViewController.swift */; };
		F08364FF23C4F63B009C74A1 /* TweetDetailViewController.swift in Sources */ = {isa = PBXBuildFile; fileRef = F08364FE23C4F63B009C74A1 /* TweetDetailViewController.swift */; };
		F0A2DEC723C88CC300A26017 /* Tweet.swift in Sources */ = {isa = PBXBuildFile; fileRef = F0A2DEC623C88CC300A26017 /* Tweet.swift */; };
		F0A2DEC923C8979A00A26017 /* TwitterWebservice.swift in Sources */ = {isa = PBXBuildFile; fileRef = F0A2DEC823C8979A00A26017 /* TwitterWebservice.swift */; };
/* End PBXBuildFile section */

/* Begin PBXContainerItemProxy section */
		F08364E023C4EA14009C74A1 /* PBXContainerItemProxy */ = {
			isa = PBXContainerItemProxy;
			containerPortal = F08364C123C4EA0A009C74A1 /* Project object */;
			proxyType = 1;
			remoteGlobalIDString = F08364C823C4EA0A009C74A1;
			remoteInfo = TwitterVideoDownloader;
		};
		F08364EB23C4EA15009C74A1 /* PBXContainerItemProxy */ = {
			isa = PBXContainerItemProxy;
			containerPortal = F08364C123C4EA0A009C74A1 /* Project object */;
			proxyType = 1;
			remoteGlobalIDString = F08364C823C4EA0A009C74A1;
			remoteInfo = TwitterVideoDownloader;
		};
/* End PBXContainerItemProxy section */

/* Begin PBXFileReference section */
		0AB38151A1B87420DA136873 /* Pods_TwitterVideoDownloader.framework */ = {isa = PBXFileReference; explicitFileType = wrapper.framework; includeInIndex = 0; path = Pods_TwitterVideoDownloader.framework; sourceTree = BUILT_PRODUCTS_DIR; };
		202C936C2DACA4A453B3B9E3 /* Pods-TwitterVideoDownloaderUITests.release.xcconfig */ = {isa = PBXFileReference; includeInIndex = 1; lastKnownFileType = text.xcconfig; name = "Pods-TwitterVideoDownloaderUITests.release.xcconfig"; path = "Pods/Target Support Files/Pods-TwitterVideoDownloaderUITests/Pods-TwitterVideoDownloaderUITests.release.xcconfig"; sourceTree = "<group>"; };
		36017B038B175D1DD46707BF /* Pods-TwitterVideoDownloaderUITests.debug.xcconfig */ = {isa = PBXFileReference; includeInIndex = 1; lastKnownFileType = text.xcconfig; name = "Pods-TwitterVideoDownloaderUITests.debug.xcconfig"; path = "Pods/Target Support Files/Pods-TwitterVideoDownloaderUITests/Pods-TwitterVideoDownloaderUITests.debug.xcconfig"; sourceTree = "<group>"; };
		4E1E6A3F23DF24580018E8BD /* UIViewController+ActivityIndicator.swift */ = {isa = PBXFileReference; lastKnownFileType = sourcecode.swift; path = "UIViewController+ActivityIndicator.swift"; sourceTree = "<group>"; };
		4E25B15423E08A070043DAEB /* MediaProvider.swift */ = {isa = PBXFileReference; lastKnownFileType = sourcecode.swift; path = MediaProvider.swift; sourceTree = "<group>"; };
		4E5AE18923D1DC350066020F /* Info.plist */ = {isa = PBXFileReference; fileEncoding = 4; lastKnownFileType = text.plist.xml; path = Info.plist; sourceTree = "<group>"; };
		4E5BC4EA23C932D5006671E9 /* TweetViewModel.swift */ = {isa = PBXFileReference; fileEncoding = 4; lastKnownFileType = sourcecode.swift; path = TweetViewModel.swift; sourceTree = "<group>"; };
		4E5CE41823C9E3E800A964C0 /* UIImageView+URL.swift */ = {isa = PBXFileReference; lastKnownFileType = sourcecode.swift; path = "UIImageView+URL.swift"; sourceTree = "<group>"; };
		4E5CE41A23C9F21C00A964C0 /* UIImage+Circular.swift */ = {isa = PBXFileReference; lastKnownFileType = sourcecode.swift; path = "UIImage+Circular.swift"; sourceTree = "<group>"; };
		4E5CE41D23CA449A00A964C0 /* DateConverter.swift */ = {isa = PBXFileReference; fileEncoding = 4; lastKnownFileType = sourcecode.swift; path = DateConverter.swift; sourceTree = "<group>"; };
		4E5CE42023CA601500A964C0 /* TweetMediaTableViewCell.swift */ = {isa = PBXFileReference; lastKnownFileType = sourcecode.swift; path = TweetMediaTableViewCell.swift; sourceTree = "<group>"; };
		4E5CE42223CBA42900A964C0 /* String+ExtractTweetID.swift */ = {isa = PBXFileReference; lastKnownFileType = sourcecode.swift; path = "String+ExtractTweetID.swift"; sourceTree = "<group>"; };
		92695C1B703DA8762B613074 /* Pods_TwitterVideoDownloaderTests.framework */ = {isa = PBXFileReference; explicitFileType = wrapper.framework; includeInIndex = 0; path = Pods_TwitterVideoDownloaderTests.framework; sourceTree = BUILT_PRODUCTS_DIR; };
		948035061EC62F9B44E2B966 /* Pods_TwitterVideoDownloaderUITests.framework */ = {isa = PBXFileReference; explicitFileType = wrapper.framework; includeInIndex = 0; path = Pods_TwitterVideoDownloaderUITests.framework; sourceTree = BUILT_PRODUCTS_DIR; };
		961709D2C5C2E7061D5EDC76 /* Pods-TwitterVideoDownloader.release.xcconfig */ = {isa = PBXFileReference; includeInIndex = 1; lastKnownFileType = text.xcconfig; name = "Pods-TwitterVideoDownloader.release.xcconfig"; path = "Pods/Target Support Files/Pods-TwitterVideoDownloader/Pods-TwitterVideoDownloader.release.xcconfig"; sourceTree = "<group>"; };
		9F12119DAD06DF95A1A1EEF7 /* Pods-TwitterVideoDownloaderTests.debug.xcconfig */ = {isa = PBXFileReference; includeInIndex = 1; lastKnownFileType = text.xcconfig; name = "Pods-TwitterVideoDownloaderTests.debug.xcconfig"; path = "Pods/Target Support Files/Pods-TwitterVideoDownloaderTests/Pods-TwitterVideoDownloaderTests.debug.xcconfig"; sourceTree = "<group>"; };
		D9C785B63ED73190D14ACCB6 /* Pods-TwitterVideoDownloaderTests.release.xcconfig */ = {isa = PBXFileReference; includeInIndex = 1; lastKnownFileType = text.xcconfig; name = "Pods-TwitterVideoDownloaderTests.release.xcconfig"; path = "Pods/Target Support Files/Pods-TwitterVideoDownloaderTests/Pods-TwitterVideoDownloaderTests.release.xcconfig"; sourceTree = "<group>"; };
		DFE666B83DEE976F6D5751A2 /* Pods-TwitterVideoDownloader.debug.xcconfig */ = {isa = PBXFileReference; includeInIndex = 1; lastKnownFileType = text.xcconfig; name = "Pods-TwitterVideoDownloader.debug.xcconfig"; path = "Pods/Target Support Files/Pods-TwitterVideoDownloader/Pods-TwitterVideoDownloader.debug.xcconfig"; sourceTree = "<group>"; };
		F08364C923C4EA0A009C74A1 /* TwitterVideoDownloader.app */ = {isa = PBXFileReference; explicitFileType = wrapper.application; includeInIndex = 0; path = TwitterVideoDownloader.app; sourceTree = BUILT_PRODUCTS_DIR; };
		F08364CC23C4EA0A009C74A1 /* AppDelegate.swift */ = {isa = PBXFileReference; lastKnownFileType = sourcecode.swift; path = AppDelegate.swift; sourceTree = "<group>"; };
		F08364CE23C4EA0A009C74A1 /* SceneDelegate.swift */ = {isa = PBXFileReference; lastKnownFileType = sourcecode.swift; path = SceneDelegate.swift; sourceTree = "<group>"; };
		F08364D323C4EA0A009C74A1 /* Base */ = {isa = PBXFileReference; lastKnownFileType = file.storyboard; name = Base; path = Base.lproj/Main.storyboard; sourceTree = "<group>"; };
		F08364D523C4EA14009C74A1 /* Assets.xcassets */ = {isa = PBXFileReference; lastKnownFileType = folder.assetcatalog; path = Assets.xcassets; sourceTree = "<group>"; };
		F08364D823C4EA14009C74A1 /* Base */ = {isa = PBXFileReference; lastKnownFileType = file.storyboard; name = Base; path = Base.lproj/LaunchScreen.storyboard; sourceTree = "<group>"; };
		F08364DF23C4EA14009C74A1 /* TwitterVideoDownloaderTests.xctest */ = {isa = PBXFileReference; explicitFileType = wrapper.cfbundle; includeInIndex = 0; path = TwitterVideoDownloaderTests.xctest; sourceTree = BUILT_PRODUCTS_DIR; };
		F08364E323C4EA14009C74A1 /* TwitterVideoDownloaderTests.swift */ = {isa = PBXFileReference; lastKnownFileType = sourcecode.swift; path = TwitterVideoDownloaderTests.swift; sourceTree = "<group>"; };
		F08364E523C4EA14009C74A1 /* Info.plist */ = {isa = PBXFileReference; lastKnownFileType = text.plist.xml; path = Info.plist; sourceTree = "<group>"; };
		F08364EA23C4EA15009C74A1 /* TwitterVideoDownloaderUITests.xctest */ = {isa = PBXFileReference; explicitFileType = wrapper.cfbundle; includeInIndex = 0; path = TwitterVideoDownloaderUITests.xctest; sourceTree = BUILT_PRODUCTS_DIR; };
		F08364EE23C4EA15009C74A1 /* TwitterVideoDownloaderUITests.swift */ = {isa = PBXFileReference; lastKnownFileType = sourcecode.swift; path = TwitterVideoDownloaderUITests.swift; sourceTree = "<group>"; };
		F08364F023C4EA15009C74A1 /* Info.plist */ = {isa = PBXFileReference; lastKnownFileType = text.plist.xml; path = Info.plist; sourceTree = "<group>"; };
		F08364FC23C4F62F009C74A1 /* MainViewController.swift */ = {isa = PBXFileReference; lastKnownFileType = sourcecode.swift; path = MainViewController.swift; sourceTree = "<group>"; };
		F08364FE23C4F63B009C74A1 /* TweetDetailViewController.swift */ = {isa = PBXFileReference; lastKnownFileType = sourcecode.swift; path = TweetDetailViewController.swift; sourceTree = "<group>"; };
		F0A2DEC623C88CC300A26017 /* Tweet.swift */ = {isa = PBXFileReference; lastKnownFileType = sourcecode.swift; path = Tweet.swift; sourceTree = "<group>"; };
		F0A2DEC823C8979A00A26017 /* TwitterWebservice.swift */ = {isa = PBXFileReference; lastKnownFileType = sourcecode.swift; path = TwitterWebservice.swift; sourceTree = "<group>"; };
/* End PBXFileReference section */

/* Begin PBXFrameworksBuildPhase section */
		F08364C623C4EA0A009C74A1 /* Frameworks */ = {
			isa = PBXFrameworksBuildPhase;
			buildActionMask = 2147483647;
			files = (
				0E8BC1021B2DA91B457B5AD9 /* Pods_TwitterVideoDownloader.framework in Frameworks */,
			);
			runOnlyForDeploymentPostprocessing = 0;
		};
		F08364DC23C4EA14009C74A1 /* Frameworks */ = {
			isa = PBXFrameworksBuildPhase;
			buildActionMask = 2147483647;
			files = (
				EBF2E6A78013F167243AAAE6 /* Pods_TwitterVideoDownloaderTests.framework in Frameworks */,
			);
			runOnlyForDeploymentPostprocessing = 0;
		};
		F08364E723C4EA15009C74A1 /* Frameworks */ = {
			isa = PBXFrameworksBuildPhase;
			buildActionMask = 2147483647;
			files = (
				D6F04E21E4C356FDBEF9712F /* Pods_TwitterVideoDownloaderUITests.framework in Frameworks */,
			);
			runOnlyForDeploymentPostprocessing = 0;
		};
/* End PBXFrameworksBuildPhase section */

/* Begin PBXGroup section */
		4B2DB8336DEBFB919DBCB102 /* Frameworks */ = {
			isa = PBXGroup;
			children = (
				0AB38151A1B87420DA136873 /* Pods_TwitterVideoDownloader.framework */,
				92695C1B703DA8762B613074 /* Pods_TwitterVideoDownloaderTests.framework */,
				948035061EC62F9B44E2B966 /* Pods_TwitterVideoDownloaderUITests.framework */,
			);
			name = Frameworks;
			sourceTree = "<group>";
		};
		4E5AE17B23D1D4950066020F /* Supporting Files */ = {
			isa = PBXGroup;
			children = (
				4E5AE18923D1DC350066020F /* Info.plist */,
				F08364D523C4EA14009C74A1 /* Assets.xcassets */,
				F08364D723C4EA14009C74A1 /* LaunchScreen.storyboard */,
			);
			path = "Supporting Files";
			sourceTree = "<group>";
		};
		4E5AE17C23D1D4E60066020F /* UI */ = {
			isa = PBXGroup;
			children = (
				F0B07AFF23C7862A007DCB27 /* Controllers */,
				4E5CE41F23CA5FC000A964C0 /* Cells */,
				4E5AE18C23D213E60066020F /* Storyboards */,
			);
			path = UI;
			sourceTree = "<group>";
		};
		4E5AE18C23D213E60066020F /* Storyboards */ = {
			isa = PBXGroup;
			children = (
				F08364D223C4EA0A009C74A1 /* Main.storyboard */,
			);
			path = Storyboards;
			sourceTree = "<group>";
		};
		4E5CE41723C9DE7000A964C0 /* Extensions */ = {
			isa = PBXGroup;
			children = (
				4E5CE41823C9E3E800A964C0 /* UIImageView+URL.swift */,
				4E5CE41A23C9F21C00A964C0 /* UIImage+Circular.swift */,
				4E5CE42223CBA42900A964C0 /* String+ExtractTweetID.swift */,
				4E1E6A3F23DF24580018E8BD /* UIViewController+ActivityIndicator.swift */,
			);
			path = Extensions;
			sourceTree = "<group>";
		};
		4E5CE41C23C9F76C00A964C0 /* Utilities */ = {
			isa = PBXGroup;
			children = (
				4E5CE41723C9DE7000A964C0 /* Extensions */,
				4E5CE41D23CA449A00A964C0 /* DateConverter.swift */,
			);
			path = Utilities;
			sourceTree = "<group>";
		};
		4E5CE41F23CA5FC000A964C0 /* Cells */ = {
			isa = PBXGroup;
			children = (
				4E5CE42023CA601500A964C0 /* TweetMediaTableViewCell.swift */,
			);
			path = Cells;
			sourceTree = "<group>";
		};
		D2ECA5F1B7C518A486A01669 /* Pods */ = {
			isa = PBXGroup;
			children = (
				DFE666B83DEE976F6D5751A2 /* Pods-TwitterVideoDownloader.debug.xcconfig */,
				961709D2C5C2E7061D5EDC76 /* Pods-TwitterVideoDownloader.release.xcconfig */,
				9F12119DAD06DF95A1A1EEF7 /* Pods-TwitterVideoDownloaderTests.debug.xcconfig */,
				D9C785B63ED73190D14ACCB6 /* Pods-TwitterVideoDownloaderTests.release.xcconfig */,
				36017B038B175D1DD46707BF /* Pods-TwitterVideoDownloaderUITests.debug.xcconfig */,
				202C936C2DACA4A453B3B9E3 /* Pods-TwitterVideoDownloaderUITests.release.xcconfig */,
			);
			name = Pods;
			sourceTree = "<group>";
		};
		F08364C023C4EA0A009C74A1 = {
			isa = PBXGroup;
			children = (
				F08364CB23C4EA0A009C74A1 /* TwitterVideoDownloader */,
				F08364E223C4EA14009C74A1 /* TwitterVideoDownloaderTests */,
				F08364ED23C4EA15009C74A1 /* TwitterVideoDownloaderUITests */,
				F08364CA23C4EA0A009C74A1 /* Products */,
				D2ECA5F1B7C518A486A01669 /* Pods */,
				4B2DB8336DEBFB919DBCB102 /* Frameworks */,
			);
			sourceTree = "<group>";
		};
		F08364CA23C4EA0A009C74A1 /* Products */ = {
			isa = PBXGroup;
			children = (
				F08364C923C4EA0A009C74A1 /* TwitterVideoDownloader.app */,
				F08364DF23C4EA14009C74A1 /* TwitterVideoDownloaderTests.xctest */,
				F08364EA23C4EA15009C74A1 /* TwitterVideoDownloaderUITests.xctest */,
			);
			name = Products;
			sourceTree = "<group>";
		};
		F08364CB23C4EA0A009C74A1 /* TwitterVideoDownloader */ = {
			isa = PBXGroup;
			children = (
				F08364CC23C4EA0A009C74A1 /* AppDelegate.swift */,
				F08364CE23C4EA0A009C74A1 /* SceneDelegate.swift */,
				F0B07AFD23C78603007DCB27 /* Model */,
				F0B07AFE23C7860C007DCB27 /* View Model */,
				F0A2DEC523C889FF00A26017 /* Services */,
				4E5AE17C23D1D4E60066020F /* UI */,
				4E5CE41C23C9F76C00A964C0 /* Utilities */,
				4E5AE17B23D1D4950066020F /* Supporting Files */,
			);
			path = TwitterVideoDownloader;
			sourceTree = "<group>";
		};
		F08364E223C4EA14009C74A1 /* TwitterVideoDownloaderTests */ = {
			isa = PBXGroup;
			children = (
				F08364E323C4EA14009C74A1 /* TwitterVideoDownloaderTests.swift */,
				F08364E523C4EA14009C74A1 /* Info.plist */,
			);
			path = TwitterVideoDownloaderTests;
			sourceTree = "<group>";
		};
		F08364ED23C4EA15009C74A1 /* TwitterVideoDownloaderUITests */ = {
			isa = PBXGroup;
			children = (
				F08364EE23C4EA15009C74A1 /* TwitterVideoDownloaderUITests.swift */,
				F08364F023C4EA15009C74A1 /* Info.plist */,
			);
			path = TwitterVideoDownloaderUITests;
			sourceTree = "<group>";
		};
		F0A2DEC523C889FF00A26017 /* Services */ = {
			isa = PBXGroup;
			children = (
				F0A2DEC823C8979A00A26017 /* TwitterWebservice.swift */,
			);
			path = Services;
			sourceTree = "<group>";
		};
		F0B07AFD23C78603007DCB27 /* Model */ = {
			isa = PBXGroup;
			children = (
				F0A2DEC623C88CC300A26017 /* Tweet.swift */,
			);
			path = Model;
			sourceTree = "<group>";
		};
		F0B07AFE23C7860C007DCB27 /* View Model */ = {
			isa = PBXGroup;
			children = (
				4E5BC4EA23C932D5006671E9 /* TweetViewModel.swift */,
			);
			path = "View Model";
			sourceTree = "<group>";
		};
		F0B07AFF23C7862A007DCB27 /* Controllers */ = {
			isa = PBXGroup;
			children = (
				F08364FC23C4F62F009C74A1 /* MainViewController.swift */,
				F08364FE23C4F63B009C74A1 /* TweetDetailViewController.swift */,
				4E25B15423E08A070043DAEB /* MediaProvider.swift */,
			);
			path = Controllers;
			sourceTree = "<group>";
		};
/* End PBXGroup section */

/* Begin PBXNativeTarget section */
		F08364C823C4EA0A009C74A1 /* TwitterVideoDownloader */ = {
			isa = PBXNativeTarget;
			buildConfigurationList = F08364F323C4EA15009C74A1 /* Build configuration list for PBXNativeTarget "TwitterVideoDownloader" */;
			buildPhases = (
				E9FECCB9983411831D0D078B /* [CP] Check Pods Manifest.lock */,
				F08364C523C4EA0A009C74A1 /* Sources */,
				F08364C623C4EA0A009C74A1 /* Frameworks */,
				F08364C723C4EA0A009C74A1 /* Resources */,
				450EF85CD4C8369C9A1A2234 /* [CP] Embed Pods Frameworks */,
				FC933BE5F56D4B9863323579 /* [CP] Copy Pods Resources */,
			);
			buildRules = (
			);
			dependencies = (
			);
			name = TwitterVideoDownloader;
			productName = TwitterVideoDownloader;
			productReference = F08364C923C4EA0A009C74A1 /* TwitterVideoDownloader.app */;
			productType = "com.apple.product-type.application";
		};
		F08364DE23C4EA14009C74A1 /* TwitterVideoDownloaderTests */ = {
			isa = PBXNativeTarget;
			buildConfigurationList = F08364F623C4EA15009C74A1 /* Build configuration list for PBXNativeTarget "TwitterVideoDownloaderTests" */;
			buildPhases = (
				B2709D89A59A250C2FEFBE4A /* [CP] Check Pods Manifest.lock */,
				F08364DB23C4EA14009C74A1 /* Sources */,
				F08364DC23C4EA14009C74A1 /* Frameworks */,
				F08364DD23C4EA14009C74A1 /* Resources */,
			);
			buildRules = (
			);
			dependencies = (
				F08364E123C4EA14009C74A1 /* PBXTargetDependency */,
			);
			name = TwitterVideoDownloaderTests;
			productName = TwitterVideoDownloaderTests;
			productReference = F08364DF23C4EA14009C74A1 /* TwitterVideoDownloaderTests.xctest */;
			productType = "com.apple.product-type.bundle.unit-test";
		};
		F08364E923C4EA15009C74A1 /* TwitterVideoDownloaderUITests */ = {
			isa = PBXNativeTarget;
			buildConfigurationList = F08364F923C4EA15009C74A1 /* Build configuration list for PBXNativeTarget "TwitterVideoDownloaderUITests" */;
			buildPhases = (
				D87600B895E97FDBB44FE7B8 /* [CP] Check Pods Manifest.lock */,
				F08364E623C4EA15009C74A1 /* Sources */,
				F08364E723C4EA15009C74A1 /* Frameworks */,
				F08364E823C4EA15009C74A1 /* Resources */,
			);
			buildRules = (
			);
			dependencies = (
				F08364EC23C4EA15009C74A1 /* PBXTargetDependency */,
			);
			name = TwitterVideoDownloaderUITests;
			productName = TwitterVideoDownloaderUITests;
			productReference = F08364EA23C4EA15009C74A1 /* TwitterVideoDownloaderUITests.xctest */;
			productType = "com.apple.product-type.bundle.ui-testing";
		};
/* End PBXNativeTarget section */

/* Begin PBXProject section */
		F08364C123C4EA0A009C74A1 /* Project object */ = {
			isa = PBXProject;
			attributes = {
				LastSwiftUpdateCheck = 1130;
				LastUpgradeCheck = 1130;
				ORGANIZATIONNAME = "Ahmad, Mohammed (UK - London)";
				TargetAttributes = {
					F08364C823C4EA0A009C74A1 = {
						CreatedOnToolsVersion = 11.3;
					};
					F08364DE23C4EA14009C74A1 = {
						CreatedOnToolsVersion = 11.3;
						TestTargetID = F08364C823C4EA0A009C74A1;
					};
					F08364E923C4EA15009C74A1 = {
						CreatedOnToolsVersion = 11.3;
						TestTargetID = F08364C823C4EA0A009C74A1;
					};
				};
			};
			buildConfigurationList = F08364C423C4EA0A009C74A1 /* Build configuration list for PBXProject "TwitterVideoDownloader" */;
			compatibilityVersion = "Xcode 9.3";
			developmentRegion = en;
			hasScannedForEncodings = 0;
			knownRegions = (
				en,
				Base,
			);
			mainGroup = F08364C023C4EA0A009C74A1;
			productRefGroup = F08364CA23C4EA0A009C74A1 /* Products */;
			projectDirPath = "";
			projectRoot = "";
			targets = (
				F08364C823C4EA0A009C74A1 /* TwitterVideoDownloader */,
				F08364DE23C4EA14009C74A1 /* TwitterVideoDownloaderTests */,
				F08364E923C4EA15009C74A1 /* TwitterVideoDownloaderUITests */,
			);
		};
/* End PBXProject section */

/* Begin PBXResourcesBuildPhase section */
		F08364C723C4EA0A009C74A1 /* Resources */ = {
			isa = PBXResourcesBuildPhase;
			buildActionMask = 2147483647;
			files = (
				F08364D923C4EA14009C74A1 /* LaunchScreen.storyboard in Resources */,
				F08364D623C4EA14009C74A1 /* Assets.xcassets in Resources */,
				F08364D423C4EA0A009C74A1 /* Main.storyboard in Resources */,
			);
			runOnlyForDeploymentPostprocessing = 0;
		};
		F08364DD23C4EA14009C74A1 /* Resources */ = {
			isa = PBXResourcesBuildPhase;
			buildActionMask = 2147483647;
			files = (
			);
			runOnlyForDeploymentPostprocessing = 0;
		};
		F08364E823C4EA15009C74A1 /* Resources */ = {
			isa = PBXResourcesBuildPhase;
			buildActionMask = 2147483647;
			files = (
			);
			runOnlyForDeploymentPostprocessing = 0;
		};
/* End PBXResourcesBuildPhase section */

/* Begin PBXShellScriptBuildPhase section */
		450EF85CD4C8369C9A1A2234 /* [CP] Embed Pods Frameworks */ = {
			isa = PBXShellScriptBuildPhase;
			buildActionMask = 2147483647;
			files = (
			);
			inputFileListPaths = (
				"${PODS_ROOT}/Target Support Files/Pods-TwitterVideoDownloader/Pods-TwitterVideoDownloader-frameworks-${CONFIGURATION}-input-files.xcfilelist",
			);
			name = "[CP] Embed Pods Frameworks";
			outputFileListPaths = (
				"${PODS_ROOT}/Target Support Files/Pods-TwitterVideoDownloader/Pods-TwitterVideoDownloader-frameworks-${CONFIGURATION}-output-files.xcfilelist",
			);
			runOnlyForDeploymentPostprocessing = 0;
			shellPath = /bin/sh;
			shellScript = "\"${PODS_ROOT}/Target Support Files/Pods-TwitterVideoDownloader/Pods-TwitterVideoDownloader-frameworks.sh\"\n";
			showEnvVarsInLog = 0;
		};
		B2709D89A59A250C2FEFBE4A /* [CP] Check Pods Manifest.lock */ = {
			isa = PBXShellScriptBuildPhase;
			buildActionMask = 2147483647;
			files = (
			);
			inputFileListPaths = (
			);
			inputPaths = (
				"${PODS_PODFILE_DIR_PATH}/Podfile.lock",
				"${PODS_ROOT}/Manifest.lock",
			);
			name = "[CP] Check Pods Manifest.lock";
			outputFileListPaths = (
			);
			outputPaths = (
				"$(DERIVED_FILE_DIR)/Pods-TwitterVideoDownloaderTests-checkManifestLockResult.txt",
			);
			runOnlyForDeploymentPostprocessing = 0;
			shellPath = /bin/sh;
			shellScript = "diff \"${PODS_PODFILE_DIR_PATH}/Podfile.lock\" \"${PODS_ROOT}/Manifest.lock\" > /dev/null\nif [ $? != 0 ] ; then\n    # print error to STDERR\n    echo \"error: The sandbox is not in sync with the Podfile.lock. Run 'pod install' or update your CocoaPods installation.\" >&2\n    exit 1\nfi\n# This output is used by Xcode 'outputs' to avoid re-running this script phase.\necho \"SUCCESS\" > \"${SCRIPT_OUTPUT_FILE_0}\"\n";
			showEnvVarsInLog = 0;
		};
		D87600B895E97FDBB44FE7B8 /* [CP] Check Pods Manifest.lock */ = {
			isa = PBXShellScriptBuildPhase;
			buildActionMask = 2147483647;
			files = (
			);
			inputFileListPaths = (
			);
			inputPaths = (
				"${PODS_PODFILE_DIR_PATH}/Podfile.lock",
				"${PODS_ROOT}/Manifest.lock",
			);
			name = "[CP] Check Pods Manifest.lock";
			outputFileListPaths = (
			);
			outputPaths = (
				"$(DERIVED_FILE_DIR)/Pods-TwitterVideoDownloaderUITests-checkManifestLockResult.txt",
			);
			runOnlyForDeploymentPostprocessing = 0;
			shellPath = /bin/sh;
			shellScript = "diff \"${PODS_PODFILE_DIR_PATH}/Podfile.lock\" \"${PODS_ROOT}/Manifest.lock\" > /dev/null\nif [ $? != 0 ] ; then\n    # print error to STDERR\n    echo \"error: The sandbox is not in sync with the Podfile.lock. Run 'pod install' or update your CocoaPods installation.\" >&2\n    exit 1\nfi\n# This output is used by Xcode 'outputs' to avoid re-running this script phase.\necho \"SUCCESS\" > \"${SCRIPT_OUTPUT_FILE_0}\"\n";
			showEnvVarsInLog = 0;
		};
		E9FECCB9983411831D0D078B /* [CP] Check Pods Manifest.lock */ = {
			isa = PBXShellScriptBuildPhase;
			buildActionMask = 2147483647;
			files = (
			);
			inputFileListPaths = (
			);
			inputPaths = (
				"${PODS_PODFILE_DIR_PATH}/Podfile.lock",
				"${PODS_ROOT}/Manifest.lock",
			);
			name = "[CP] Check Pods Manifest.lock";
			outputFileListPaths = (
			);
			outputPaths = (
				"$(DERIVED_FILE_DIR)/Pods-TwitterVideoDownloader-checkManifestLockResult.txt",
			);
			runOnlyForDeploymentPostprocessing = 0;
			shellPath = /bin/sh;
			shellScript = "diff \"${PODS_PODFILE_DIR_PATH}/Podfile.lock\" \"${PODS_ROOT}/Manifest.lock\" > /dev/null\nif [ $? != 0 ] ; then\n    # print error to STDERR\n    echo \"error: The sandbox is not in sync with the Podfile.lock. Run 'pod install' or update your CocoaPods installation.\" >&2\n    exit 1\nfi\n# This output is used by Xcode 'outputs' to avoid re-running this script phase.\necho \"SUCCESS\" > \"${SCRIPT_OUTPUT_FILE_0}\"\n";
			showEnvVarsInLog = 0;
		};
		FC933BE5F56D4B9863323579 /* [CP] Copy Pods Resources */ = {
			isa = PBXShellScriptBuildPhase;
			buildActionMask = 2147483647;
			files = (
			);
			inputFileListPaths = (
				"${PODS_ROOT}/Target Support Files/Pods-TwitterVideoDownloader/Pods-TwitterVideoDownloader-resources-${CONFIGURATION}-input-files.xcfilelist",
			);
			name = "[CP] Copy Pods Resources";
			outputFileListPaths = (
				"${PODS_ROOT}/Target Support Files/Pods-TwitterVideoDownloader/Pods-TwitterVideoDownloader-resources-${CONFIGURATION}-output-files.xcfilelist",
			);
			runOnlyForDeploymentPostprocessing = 0;
			shellPath = /bin/sh;
			shellScript = "\"${PODS_ROOT}/Target Support Files/Pods-TwitterVideoDownloader/Pods-TwitterVideoDownloader-resources.sh\"\n";
			showEnvVarsInLog = 0;
		};
/* End PBXShellScriptBuildPhase section */

/* Begin PBXSourcesBuildPhase section */
		F08364C523C4EA0A009C74A1 /* Sources */ = {
			isa = PBXSourcesBuildPhase;
			buildActionMask = 2147483647;
			files = (
				F0A2DEC923C8979A00A26017 /* TwitterWebservice.swift in Sources */,
				4E25B15523E08A070043DAEB /* MediaProvider.swift in Sources */,
				4E5BC4EB23C932D5006671E9 /* TweetViewModel.swift in Sources */,
				F08364CD23C4EA0A009C74A1 /* AppDelegate.swift in Sources */,
				F0A2DEC723C88CC300A26017 /* Tweet.swift in Sources */,
				4E5CE41E23CA449A00A964C0 /* DateConverter.swift in Sources */,
				4E5CE41923C9E3E800A964C0 /* UIImageView+URL.swift in Sources */,
				4E5CE41B23C9F21C00A964C0 /* UIImage+Circular.swift in Sources */,
				4E5CE42123CA601500A964C0 /* TweetMediaTableViewCell.swift in Sources */,
				F08364FF23C4F63B009C74A1 /* TweetDetailViewController.swift in Sources */,
				4E1E6A4023DF24580018E8BD /* UIViewController+ActivityIndicator.swift in Sources */,
				4E5CE42323CBA42900A964C0 /* String+ExtractTweetID.swift in Sources */,
				F08364CF23C4EA0A009C74A1 /* SceneDelegate.swift in Sources */,
				F08364FD23C4F62F009C74A1 /* MainViewController.swift in Sources */,
			);
			runOnlyForDeploymentPostprocessing = 0;
		};
		F08364DB23C4EA14009C74A1 /* Sources */ = {
			isa = PBXSourcesBuildPhase;
			buildActionMask = 2147483647;
			files = (
				F08364E423C4EA14009C74A1 /* TwitterVideoDownloaderTests.swift in Sources */,
			);
			runOnlyForDeploymentPostprocessing = 0;
		};
		F08364E623C4EA15009C74A1 /* Sources */ = {
			isa = PBXSourcesBuildPhase;
			buildActionMask = 2147483647;
			files = (
				F08364EF23C4EA15009C74A1 /* TwitterVideoDownloaderUITests.swift in Sources */,
			);
			runOnlyForDeploymentPostprocessing = 0;
		};
/* End PBXSourcesBuildPhase section */

/* Begin PBXTargetDependency section */
		F08364E123C4EA14009C74A1 /* PBXTargetDependency */ = {
			isa = PBXTargetDependency;
			target = F08364C823C4EA0A009C74A1 /* TwitterVideoDownloader */;
			targetProxy = F08364E023C4EA14009C74A1 /* PBXContainerItemProxy */;
		};
		F08364EC23C4EA15009C74A1 /* PBXTargetDependency */ = {
			isa = PBXTargetDependency;
			target = F08364C823C4EA0A009C74A1 /* TwitterVideoDownloader */;
			targetProxy = F08364EB23C4EA15009C74A1 /* PBXContainerItemProxy */;
		};
/* End PBXTargetDependency section */

/* Begin PBXVariantGroup section */
		F08364D223C4EA0A009C74A1 /* Main.storyboard */ = {
			isa = PBXVariantGroup;
			children = (
				F08364D323C4EA0A009C74A1 /* Base */,
			);
			name = Main.storyboard;
			sourceTree = "<group>";
		};
		F08364D723C4EA14009C74A1 /* LaunchScreen.storyboard */ = {
			isa = PBXVariantGroup;
			children = (
				F08364D823C4EA14009C74A1 /* Base */,
			);
			name = LaunchScreen.storyboard;
			sourceTree = "<group>";
		};
/* End PBXVariantGroup section */

/* Begin XCBuildConfiguration section */
		F08364F123C4EA15009C74A1 /* Debug */ = {
			isa = XCBuildConfiguration;
			buildSettings = {
				ALWAYS_SEARCH_USER_PATHS = NO;
				CLANG_ANALYZER_NONNULL = YES;
				CLANG_ANALYZER_NUMBER_OBJECT_CONVERSION = YES_AGGRESSIVE;
				CLANG_CXX_LANGUAGE_STANDARD = "gnu++14";
				CLANG_CXX_LIBRARY = "libc++";
				CLANG_ENABLE_MODULES = YES;
				CLANG_ENABLE_OBJC_ARC = YES;
				CLANG_ENABLE_OBJC_WEAK = YES;
				CLANG_WARN_BLOCK_CAPTURE_AUTORELEASING = YES;
				CLANG_WARN_BOOL_CONVERSION = YES;
				CLANG_WARN_COMMA = YES;
				CLANG_WARN_CONSTANT_CONVERSION = YES;
				CLANG_WARN_DEPRECATED_OBJC_IMPLEMENTATIONS = YES;
				CLANG_WARN_DIRECT_OBJC_ISA_USAGE = YES_ERROR;
				CLANG_WARN_DOCUMENTATION_COMMENTS = YES;
				CLANG_WARN_EMPTY_BODY = YES;
				CLANG_WARN_ENUM_CONVERSION = YES;
				CLANG_WARN_INFINITE_RECURSION = YES;
				CLANG_WARN_INT_CONVERSION = YES;
				CLANG_WARN_NON_LITERAL_NULL_CONVERSION = YES;
				CLANG_WARN_OBJC_IMPLICIT_RETAIN_SELF = YES;
				CLANG_WARN_OBJC_LITERAL_CONVERSION = YES;
				CLANG_WARN_OBJC_ROOT_CLASS = YES_ERROR;
				CLANG_WARN_RANGE_LOOP_ANALYSIS = YES;
				CLANG_WARN_STRICT_PROTOTYPES = YES;
				CLANG_WARN_SUSPICIOUS_MOVE = YES;
				CLANG_WARN_UNGUARDED_AVAILABILITY = YES_AGGRESSIVE;
				CLANG_WARN_UNREACHABLE_CODE = YES;
				CLANG_WARN__DUPLICATE_METHOD_MATCH = YES;
				COPY_PHASE_STRIP = NO;
				DEBUG_INFORMATION_FORMAT = dwarf;
				ENABLE_STRICT_OBJC_MSGSEND = YES;
				ENABLE_TESTABILITY = YES;
				GCC_C_LANGUAGE_STANDARD = gnu11;
				GCC_DYNAMIC_NO_PIC = NO;
				GCC_NO_COMMON_BLOCKS = YES;
				GCC_OPTIMIZATION_LEVEL = 0;
				GCC_PREPROCESSOR_DEFINITIONS = (
					"DEBUG=1",
					"$(inherited)",
				);
				GCC_WARN_64_TO_32_BIT_CONVERSION = YES;
				GCC_WARN_ABOUT_RETURN_TYPE = YES_ERROR;
				GCC_WARN_UNDECLARED_SELECTOR = YES;
				GCC_WARN_UNINITIALIZED_AUTOS = YES_AGGRESSIVE;
				GCC_WARN_UNUSED_FUNCTION = YES;
				GCC_WARN_UNUSED_VARIABLE = YES;
				IPHONEOS_DEPLOYMENT_TARGET = 13.2;
				MTL_ENABLE_DEBUG_INFO = INCLUDE_SOURCE;
				MTL_FAST_MATH = YES;
				ONLY_ACTIVE_ARCH = YES;
				SDKROOT = iphoneos;
				SWIFT_ACTIVE_COMPILATION_CONDITIONS = DEBUG;
				SWIFT_OPTIMIZATION_LEVEL = "-Onone";
			};
			name = Debug;
		};
		F08364F223C4EA15009C74A1 /* Release */ = {
			isa = XCBuildConfiguration;
			buildSettings = {
				ALWAYS_SEARCH_USER_PATHS = NO;
				CLANG_ANALYZER_NONNULL = YES;
				CLANG_ANALYZER_NUMBER_OBJECT_CONVERSION = YES_AGGRESSIVE;
				CLANG_CXX_LANGUAGE_STANDARD = "gnu++14";
				CLANG_CXX_LIBRARY = "libc++";
				CLANG_ENABLE_MODULES = YES;
				CLANG_ENABLE_OBJC_ARC = YES;
				CLANG_ENABLE_OBJC_WEAK = YES;
				CLANG_WARN_BLOCK_CAPTURE_AUTORELEASING = YES;
				CLANG_WARN_BOOL_CONVERSION = YES;
				CLANG_WARN_COMMA = YES;
				CLANG_WARN_CONSTANT_CONVERSION = YES;
				CLANG_WARN_DEPRECATED_OBJC_IMPLEMENTATIONS = YES;
				CLANG_WARN_DIRECT_OBJC_ISA_USAGE = YES_ERROR;
				CLANG_WARN_DOCUMENTATION_COMMENTS = YES;
				CLANG_WARN_EMPTY_BODY = YES;
				CLANG_WARN_ENUM_CONVERSION = YES;
				CLANG_WARN_INFINITE_RECURSION = YES;
				CLANG_WARN_INT_CONVERSION = YES;
				CLANG_WARN_NON_LITERAL_NULL_CONVERSION = YES;
				CLANG_WARN_OBJC_IMPLICIT_RETAIN_SELF = YES;
				CLANG_WARN_OBJC_LITERAL_CONVERSION = YES;
				CLANG_WARN_OBJC_ROOT_CLASS = YES_ERROR;
				CLANG_WARN_RANGE_LOOP_ANALYSIS = YES;
				CLANG_WARN_STRICT_PROTOTYPES = YES;
				CLANG_WARN_SUSPICIOUS_MOVE = YES;
				CLANG_WARN_UNGUARDED_AVAILABILITY = YES_AGGRESSIVE;
				CLANG_WARN_UNREACHABLE_CODE = YES;
				CLANG_WARN__DUPLICATE_METHOD_MATCH = YES;
				COPY_PHASE_STRIP = NO;
				DEBUG_INFORMATION_FORMAT = "dwarf-with-dsym";
				ENABLE_NS_ASSERTIONS = NO;
				ENABLE_STRICT_OBJC_MSGSEND = YES;
				GCC_C_LANGUAGE_STANDARD = gnu11;
				GCC_NO_COMMON_BLOCKS = YES;
				GCC_WARN_64_TO_32_BIT_CONVERSION = YES;
				GCC_WARN_ABOUT_RETURN_TYPE = YES_ERROR;
				GCC_WARN_UNDECLARED_SELECTOR = YES;
				GCC_WARN_UNINITIALIZED_AUTOS = YES_AGGRESSIVE;
				GCC_WARN_UNUSED_FUNCTION = YES;
				GCC_WARN_UNUSED_VARIABLE = YES;
				IPHONEOS_DEPLOYMENT_TARGET = 13.2;
				MTL_ENABLE_DEBUG_INFO = NO;
				MTL_FAST_MATH = YES;
				SDKROOT = iphoneos;
				SWIFT_COMPILATION_MODE = wholemodule;
				SWIFT_OPTIMIZATION_LEVEL = "-O";
				VALIDATE_PRODUCT = YES;
			};
			name = Release;
		};
		F08364F423C4EA15009C74A1 /* Debug */ = {
			isa = XCBuildConfiguration;
			baseConfigurationReference = DFE666B83DEE976F6D5751A2 /* Pods-TwitterVideoDownloader.debug.xcconfig */;
			buildSettings = {
				ASSETCATALOG_COMPILER_APPICON_NAME = AppIcon;
				CODE_SIGN_STYLE = Automatic;
				DEVELOPMENT_TEAM = D8T996G46R;
				INFOPLIST_FILE = "TwitterVideoDownloader/Supporting Files/Info.plist";
				LD_RUNPATH_SEARCH_PATHS = (
					"$(inherited)",
					"@executable_path/Frameworks",
				);
				PRODUCT_BUNDLE_IDENTIFIER = com.projects.TwitterVideoDownloader;
				PRODUCT_NAME = "$(TARGET_NAME)";
				SWIFT_VERSION = 5.0;
				TARGETED_DEVICE_FAMILY = 1;
			};
			name = Debug;
		};
		F08364F523C4EA15009C74A1 /* Release */ = {
			isa = XCBuildConfiguration;
			baseConfigurationReference = 961709D2C5C2E7061D5EDC76 /* Pods-TwitterVideoDownloader.release.xcconfig */;
			buildSettings = {
				ASSETCATALOG_COMPILER_APPICON_NAME = AppIcon;
				CODE_SIGN_STYLE = Automatic;
				DEVELOPMENT_TEAM = D8T996G46R;
				INFOPLIST_FILE = "TwitterVideoDownloader/Supporting Files/Info.plist";
				LD_RUNPATH_SEARCH_PATHS = (
					"$(inherited)",
					"@executable_path/Frameworks",
				);
				PRODUCT_BUNDLE_IDENTIFIER = com.projects.TwitterVideoDownloader;
				PRODUCT_NAME = "$(TARGET_NAME)";
				SWIFT_VERSION = 5.0;
				TARGETED_DEVICE_FAMILY = 1;
			};
			name = Release;
		};
		F08364F723C4EA15009C74A1 /* Debug */ = {
			isa = XCBuildConfiguration;
			baseConfigurationReference = 9F12119DAD06DF95A1A1EEF7 /* Pods-TwitterVideoDownloaderTests.debug.xcconfig */;
			buildSettings = {
				ALWAYS_EMBED_SWIFT_STANDARD_LIBRARIES = YES;
				BUNDLE_LOADER = "$(TEST_HOST)";
				CODE_SIGN_STYLE = Automatic;
				DEVELOPMENT_TEAM = LJUBWA56NT;
				INFOPLIST_FILE = TwitterVideoDownloaderTests/Info.plist;
				IPHONEOS_DEPLOYMENT_TARGET = 13.2;
				LD_RUNPATH_SEARCH_PATHS = (
					"$(inherited)",
					"@executable_path/Frameworks",
					"@loader_path/Frameworks",
				);
				PRODUCT_BUNDLE_IDENTIFIER = com.projects.TwitterVideoDownloaderTests;
				PRODUCT_NAME = "$(TARGET_NAME)";
				SWIFT_VERSION = 5.0;
				TARGETED_DEVICE_FAMILY = "1,2";
				TEST_HOST = "$(BUILT_PRODUCTS_DIR)/TwitterVideoDownloader.app/TwitterVideoDownloader";
			};
			name = Debug;
		};
		F08364F823C4EA15009C74A1 /* Release */ = {
			isa = XCBuildConfiguration;
			baseConfigurationReference = D9C785B63ED73190D14ACCB6 /* Pods-TwitterVideoDownloaderTests.release.xcconfig */;
			buildSettings = {
				ALWAYS_EMBED_SWIFT_STANDARD_LIBRARIES = YES;
				BUNDLE_LOADER = "$(TEST_HOST)";
				CODE_SIGN_STYLE = Automatic;
				DEVELOPMENT_TEAM = LJUBWA56NT;
				INFOPLIST_FILE = TwitterVideoDownloaderTests/Info.plist;
				IPHONEOS_DEPLOYMENT_TARGET = 13.2;
				LD_RUNPATH_SEARCH_PATHS = (
					"$(inherited)",
					"@executable_path/Frameworks",
					"@loader_path/Frameworks",
				);
				PRODUCT_BUNDLE_IDENTIFIER = com.projects.TwitterVideoDownloaderTests;
				PRODUCT_NAME = "$(TARGET_NAME)";
				SWIFT_VERSION = 5.0;
				TARGETED_DEVICE_FAMILY = "1,2";
				TEST_HOST = "$(BUILT_PRODUCTS_DIR)/TwitterVideoDownloader.app/TwitterVideoDownloader";
			};
			name = Release;
		};
		F08364FA23C4EA15009C74A1 /* Debug */ = {
			isa = XCBuildConfiguration;
			baseConfigurationReference = 36017B038B175D1DD46707BF /* Pods-TwitterVideoDownloaderUITests.debug.xcconfig */;
			buildSettings = {
				ALWAYS_EMBED_SWIFT_STANDARD_LIBRARIES = YES;
				CODE_SIGN_STYLE = Automatic;
				DEVELOPMENT_TEAM = LJUBWA56NT;
				INFOPLIST_FILE = TwitterVideoDownloaderUITests/Info.plist;
				LD_RUNPATH_SEARCH_PATHS = (
					"$(inherited)",
					"@executable_path/Frameworks",
					"@loader_path/Frameworks",
				);
				PRODUCT_BUNDLE_IDENTIFIER = com.projects.TwitterVideoDownloaderUITests;
				PRODUCT_NAME = "$(TARGET_NAME)";
				SWIFT_VERSION = 5.0;
				TARGETED_DEVICE_FAMILY = "1,2";
				TEST_TARGET_NAME = TwitterVideoDownloader;
			};
			name = Debug;
		};
		F08364FB23C4EA15009C74A1 /* Release */ = {
			isa = XCBuildConfiguration;
			baseConfigurationReference = 202C936C2DACA4A453B3B9E3 /* Pods-TwitterVideoDownloaderUITests.release.xcconfig */;
			buildSettings = {
				ALWAYS_EMBED_SWIFT_STANDARD_LIBRARIES = YES;
				CODE_SIGN_STYLE = Automatic;
				DEVELOPMENT_TEAM = LJUBWA56NT;
				INFOPLIST_FILE = TwitterVideoDownloaderUITests/Info.plist;
				LD_RUNPATH_SEARCH_PATHS = (
					"$(inherited)",
					"@executable_path/Frameworks",
					"@loader_path/Frameworks",
				);
				PRODUCT_BUNDLE_IDENTIFIER = com.projects.TwitterVideoDownloaderUITests;
				PRODUCT_NAME = "$(TARGET_NAME)";
				SWIFT_VERSION = 5.0;
				TARGETED_DEVICE_FAMILY = "1,2";
				TEST_TARGET_NAME = TwitterVideoDownloader;
			};
			name = Release;
		};
/* End XCBuildConfiguration section */

/* Begin XCConfigurationList section */
		F08364C423C4EA0A009C74A1 /* Build configuration list for PBXProject "TwitterVideoDownloader" */ = {
			isa = XCConfigurationList;
			buildConfigurations = (
				F08364F123C4EA15009C74A1 /* Debug */,
				F08364F223C4EA15009C74A1 /* Release */,
			);
			defaultConfigurationIsVisible = 0;
			defaultConfigurationName = Release;
		};
		F08364F323C4EA15009C74A1 /* Build configuration list for PBXNativeTarget "TwitterVideoDownloader" */ = {
			isa = XCConfigurationList;
			buildConfigurations = (
				F08364F423C4EA15009C74A1 /* Debug */,
				F08364F523C4EA15009C74A1 /* Release */,
			);
			defaultConfigurationIsVisible = 0;
			defaultConfigurationName = Release;
		};
		F08364F623C4EA15009C74A1 /* Build configuration list for PBXNativeTarget "TwitterVideoDownloaderTests" */ = {
			isa = XCConfigurationList;
			buildConfigurations = (
				F08364F723C4EA15009C74A1 /* Debug */,
				F08364F823C4EA15009C74A1 /* Release */,
			);
			defaultConfigurationIsVisible = 0;
			defaultConfigurationName = Release;
		};
		F08364F923C4EA15009C74A1 /* Build configuration list for PBXNativeTarget "TwitterVideoDownloaderUITests" */ = {
			isa = XCConfigurationList;
			buildConfigurations = (
				F08364FA23C4EA15009C74A1 /* Debug */,
				F08364FB23C4EA15009C74A1 /* Release */,
			);
			defaultConfigurationIsVisible = 0;
			defaultConfigurationName = Release;
		};
/* End XCConfigurationList section */
	};
	rootObject = F08364C123C4EA0A009C74A1 /* Project object */;
}
